
Microsoft Visual Studio Solution File, Format Version 12.00
# Visual Studio Version 16
VisualStudioVersion = 16.0.31424.327
MinimumVisualStudioVersion = 10.0.40219.1
Project("{FAE04EC0-301F-11D3-BF4B-00C04F79EFBC}") = "SistemaEscolar", "SistemaEscolar\SistemaEscolar.csproj", "{644D6A25-8E71-482A-A650-7BB43D4E2FAC}"
EndProject
Global
	GlobalSection(SolutionConfigurationPlatforms) = preSolution
		Debug|Any CPU = Debug|Any CPU
		Release|Any CPU = Release|Any CPU
	EndGlobalSection
	GlobalSection(ProjectConfigurationPlatforms) = postSolution
		{644D6A25-8E71-482A-A650-7BB43D4E2FAC}.Debug|Any CPU.ActiveCfg = Debug|Any CPU
		{644D6A25-8E71-482A-A650-7BB43D4E2FAC}.Debug|Any CPU.Build.0 = Debug|Any CPU
		{644D6A25-8E71-482A-A650-7BB43D4E2FAC}.Release|Any CPU.ActiveCfg = Release|Any CPU
		{644D6A25-8E71-482A-A650-7BB43D4E2FAC}.Release|Any CPU.Build.0 = Release|Any CPU
	EndGlobalSection
	GlobalSection(SolutionProperties) = preSolution
		HideSolutionNode = FALSE
	EndGlobalSection
	GlobalSection(ExtensibilityGlobals) = postSolution
		SolutionGuid = {7ED128EE-7423-4B09-AE05-2C0DF5E63DE9}
	EndGlobalSection
EndGlobal
